<?xml version="1.0" encoding="utf-8"?>
<Project ToolsVersion="4.0" xmlns="http://schemas.microsoft.com/developer/msbuild/2003">
  <ItemGroup>
    <Filter Include="Source Files">
      <UniqueIdentifier>{4FC737F1-C7A5-4376-A066-2A32D752A2FF}</UniqueIdentifier>
      <Extensions>cpp;c;cc;cxx;c++;cppm;ixx;def;odl;idl;hpj;bat;asm;asmx</Extensions>
    </Filter>
    <Filter Include="Header Files">
      <UniqueIdentifier>{93995380-89BD-4b04-88EB-625FBE52EBFB}</UniqueIdentifier>
      <Extensions>h;hh;hpp;hxx;h++;hm;inl;inc;ipp;xsd</Extensions>
    </Filter>
    <Filter Include="Resource Files">
      <UniqueIdentifier>{67DA6AB6-F800-4c08-8B7A-83BB121AAD01}</UniqueIdentifier>
      <Extensions>rc;ico;cur;bmp;dlg;rc2;rct;bin;rgs;gif;jpg;jpeg;jpe;resx;tiff;tif;png;wav;mfcribbon-ms</Extensions>
    </Filter>
    <Filter Include="Header Files\egif">
      <UniqueIdentifier>{4c5a25c7-e642-4385-bd70-8602a779814f}</UniqueIdentifier>
    </Filter>
    <Filter Include="Header Files\egif\algorithm">
      <UniqueIdentifier>{cc77c9d8-74d5-42fa-b9d0-f2a2b8567981}</UniqueIdentifier>
    </Filter>
    <Filter Include="Header Files\egif\giflib">
      <UniqueIdentifier>{a9b4a26a-91a3-4004-b695-a91b1363ee90}</UniqueIdentifier>
    </Filter>
  </ItemGroup>
  <ItemGroup>
    <ClInclude Include="..\..\..\ui\common.h">
      <Filter>Header Files</Filter>
    </ClInclude>
    <ClInclude Include="..\..\..\ui\gfxtest.h">
      <Filter>Header Files</Filter>
    </ClInclude>
    <ClInclude Include="..\..\..\ui\native_sound.h">
      <Filter>Header Files</Filter>
    </ClInclude>
    <ClInclude Include="..\..\..\ui\native_window.h">
      <Filter>Header Files</Filter>
    </ClInclude>
    <ClInclude Include="..\..\..\ui\native_window_drawing.h">
      <Filter>Header Files</Filter>
    </ClInclude>
    <ClInclude Include="..\..\..\ui\ui.h">
      <Filter>Header Files</Filter>
    </ClInclude>
    <ClInclude Include="..\..\..\actions.h">
      <Filter>Header Files</Filter>
    </ClInclude>
    <ClInclude Include="..\..\..\bwenums.h">
      <Filter>Header Files</Filter>
    </ClInclude>
    <ClInclude Include="..\..\..\circular_vector.h">
      <Filter>Header Files</Filter>
    </ClInclude>
    <ClInclude Include="..\..\..\containers.h">
      <Filter>Header Files</Filter>
    </ClInclude>
    <ClInclude Include="..\..\..\data_loading.h">
      <Filter>Header Files</Filter>
    </ClInclude>
    <ClInclude Include="..\..\..\data_types.h">
      <Filter>Header Files</Filter>
    </ClInclude>
    <ClInclude Include="..\..\..\game_types.h">
      <Filter>Header Files</Filter>
    </ClInclude>
    <ClInclude Include="..\..\..\intrusive_list.h">
      <Filter>Header Files</Filter>
    </ClInclude>
    <ClInclude Include="..\..\..\korean.h">
      <Filter>Header Files</Filter>
    </ClInclude>
    <ClInclude Include="..\..\..\replay.h">
      <Filter>Header Files</Filter>
    </ClInclude>
    <ClInclude Include="..\..\..\replay_saver.h">
      <Filter>Header Files</Filter>
    </ClInclude>
    <ClInclude Include="..\..\..\static_vector.h">
      <Filter>Header Files</Filter>
    </ClInclude>
    <ClInclude Include="..\..\..\strf.h">
      <Filter>Header Files</Filter>
    </ClInclude>
    <ClInclude Include="..\..\..\sync.h">
      <Filter>Header Files</Filter>
    </ClInclude>
    <ClInclude Include="..\..\..\sync_server_asio_local.h">
      <Filter>Header Files</Filter>
    </ClInclude>
    <ClInclude Include="..\..\..\sync_server_asio_posix_stream.h">
      <Filter>Header Files</Filter>
    </ClInclude>
    <ClInclude Include="..\..\..\sync_server_asio_socket.h">
      <Filter>Header Files</Filter>
    </ClInclude>
    <ClInclude Include="..\..\..\sync_server_asio_tcp.h">
      <Filter>Header Files</Filter>
    </ClInclude>
    <ClInclude Include="..\..\..\util.h">
      <Filter>Header Files</Filter>
    </ClInclude>
    <ClInclude Include="..\..\..\bwgame.h">
      <Filter>Header Files</Filter>
    </ClInclude>
    <ClInclude Include="..\..\..\deps\egif\GifEncoder.h">
      <Filter>Header Files\egif</Filter>
    </ClInclude>
    <ClInclude Include="..\..\..\deps\egif\algorithm\NeuQuant.h">
      <Filter>Header Files\egif\algorithm</Filter>
    </ClInclude>
    <ClInclude Include="..\..\..\deps\egif\giflib\gif_hash.h">
      <Filter>Header Files\egif\giflib</Filter>
    </ClInclude>
    <ClInclude Include="..\..\..\deps\egif\giflib\gif_lib.h">
      <Filter>Header Files\egif\giflib</Filter>
    </ClInclude>
    <ClInclude Include="..\..\..\deps\egif\giflib\gif_lib_private.h">
      <Filter>Header Files\egif\giflib</Filter>
    </ClInclude>
  </ItemGroup>
  <ItemGroup>
    <ClCompile Include="..\..\..\ui\gfxtest.cpp">
      <Filter>Source Files</Filter>
    </ClCompile>
    <ClCompile Include="..\..\..\ui\sdl2.cpp">
      <Filter>Source Files</Filter>
    </ClCompile>
    <ClCompile Include="..\..\..\deps\egif\GifEncoder.cpp">
      <Filter>Header Files\egif</Filter>
    </ClCompile>
    <ClCompile Include="..\..\..\deps\egif\algorithm\NeuQuant.cpp">
      <Filter>Header Files\egif\algorithm</Filter>
    </ClCompile>
    <ClCompile Include="..\..\..\deps\egif\giflib\egif_lib.cpp">
      <Filter>Header Files\egif\giflib</Filter>
    </ClCompile>
    <ClCompile Include="..\..\..\deps\egif\giflib\gif_err.cpp">
      <Filter>Header Files\egif\giflib</Filter>
    </ClCompile>
    <ClCompile Include="..\..\..\deps\egif\giflib\gif_hash.cpp">
      <Filter>Header Files\egif\giflib</Filter>
    </ClCompile>
    <ClCompile Include="..\..\..\deps\egif\giflib\gifalloc.cpp">
      <Filter>Header Files\egif\giflib</Filter>
    </ClCompile>
    <ClCompile Include="..\..\..\deps\egif\giflib\openbsd-reallocarray.cpp">
      <Filter>Header Files\egif\giflib</Filter>
    </ClCompile>
  </ItemGroup>
</Project>